
Microsoft Visual Studio Solution File, Format Version 12.00
# Visual Studio 15
VisualStudioVersion = 15.0.27130.2010
MinimumVisualStudioVersion = 10.0.40219.1
Project("{FAE04EC0-301F-11D3-BF4B-00C04F79EFBC}") = "PersonalLedger", "PersonalLedger\PersonalLedger.csproj", "{02A9B62E-36AF-47B4-8E88-302B49FFEEEC}"
EndProject
Project("{FAE04EC0-301F-11D3-BF4B-00C04F79EFBC}") = "PersonalLedger.Tests", "PersonalLedger.Tests\PersonalLedger.Tests.csproj", "{793BC15B-B457-4B5A-9729-384DD52C83D9}"
EndProject
Global
	GlobalSection(SolutionConfigurationPlatforms) = preSolution
		Debug|Any CPU = Debug|Any CPU
		Release|Any CPU = Release|Any CPU
	EndGlobalSection
	GlobalSection(ProjectConfigurationPlatforms) = postSolution
		{02A9B62E-36AF-47B4-8E88-302B49FFEEEC}.Debug|Any CPU.ActiveCfg = Debug|Any CPU
		{02A9B62E-36AF-47B4-8E88-302B49FFEEEC}.Debug|Any CPU.Build.0 = Debug|Any CPU
		{02A9B62E-36AF-47B4-8E88-302B49FFEEEC}.Release|Any CPU.ActiveCfg = Release|Any CPU
		{02A9B62E-36AF-47B4-8E88-302B49FFEEEC}.Release|Any CPU.Build.0 = Release|Any CPU
		{793BC15B-B457-4B5A-9729-384DD52C83D9}.Debug|Any CPU.ActiveCfg = Debug|Any CPU
		{793BC15B-B457-4B5A-9729-384DD52C83D9}.Debug|Any CPU.Build.0 = Debug|Any CPU
		{793BC15B-B457-4B5A-9729-384DD52C83D9}.Release|Any CPU.ActiveCfg = Release|Any CPU
		{793BC15B-B457-4B5A-9729-384DD52C83D9}.Release|Any CPU.Build.0 = Release|Any CPU
	EndGlobalSection
	GlobalSection(SolutionProperties) = preSolution
		HideSolutionNode = FALSE
	EndGlobalSection
	GlobalSection(ExtensibilityGlobals) = postSolution
		SolutionGuid = {1AD97582-63E1-492D-A314-6E18B2453E28}
	EndGlobalSection
EndGlobal
